github.com/zakihaha/go-say-hello v0.0.0-20240110044146-fdaaaf29cc9c h1:PMPmsEQ0QO9xPC9koy9n7SWsVXmpDsdzLg7jce2A6KM=
github.com/zakihaha/go-say-hello v0.0.0-20240110044146-fdaaaf29cc9c/go.mod h1:Ky2jdoyftFHbfNpl5pi04W8L3dMi93ysPnTf2qAVLF4=
github.com/zakihaha/go-say-hello v1.0.0 h1:nXEA5z0BydPt6YPQCwrds6WVh3YWX6Sn3Hhf6FpKUqw=
github.com/zakihaha/go-say-hello v1.0.0/go.mod h1:Ky2jdoyftFHbfNpl5pi04W8L3dMi93ysPnTf2qAVLF4=
github.com/zakihaha/go-say-hello v1.5.0 h1:U7C9U4Lose8GQljKsvh1qiYbifg/aczVXPw4XY6cbVw=
github.com/zakihaha/go-say-hello v1.5.0/go.mod h1:Ky2jdoyftFHbfNpl5pi04W8L3dMi93ysPnTf2qAVLF4=
github.com/zakihaha/go-say-hello/v2 v2.0.0 h1:w1U4TQG+/dyvonDNwpWrFlMR+w1Kp2MxsS2cTmtEeuQ=
github.com/zakihaha/go-say-hello/v2 v2.0.0/go.mod h1:tVFhXbCVUekfx4MLr6NwTjAOki2vDDH8oFZCCeESR7w=
